
Microsoft Visual Studio Solution File, Format Version 12.00
# Visual Studio 15
VisualStudioVersion = 15.0.26403.7
MinimumVisualStudioVersion = 10.0.40219.1
Project("{FAE04EC0-301F-11D3-BF4B-00C04F79EFBC}") = "DotNetCRM", "DotNetCRM\DotNetCRM.csproj", "{9E93CC4C-13C3-44B2-A724-BDA5D115753D}"
EndProject
Project("{FAE04EC0-301F-11D3-BF4B-00C04F79EFBC}") = "Database", "Database\Database.csproj", "{5F18BC28-D2C0-4037-B98A-4C581443375D}"
EndProject
Project("{FAE04EC0-301F-11D3-BF4B-00C04F79EFBC}") = "DataModels", "DataModels\DataModels.csproj", "{BF3D5A9A-D9B4-4AAE-A7C8-17AD5A62A777}"
EndProject
Project("{FAE04EC0-301F-11D3-BF4B-00C04F79EFBC}") = "WebClient", "WebClient\WebClient.csproj", "{DC6B973D-4A8B-4A1F-A316-E98C84F8C5D0}"
EndProject
Project("{FAE04EC0-301F-11D3-BF4B-00C04F79EFBC}") = "NUnit.Tests", "NUnit.Tests\NUnit.Tests.csproj", "{8EDF4429-251A-416D-BB68-93F227191BCF}"
EndProject
Project("{FAE04EC0-301F-11D3-BF4B-00C04F79EFBC}") = "Restful", "Restful\Restful.csproj", "{B551778F-741A-46CC-98A0-1C5D3F34FBAF}"
EndProject
Global
	GlobalSection(SolutionConfigurationPlatforms) = preSolution
		Debug|Any CPU = Debug|Any CPU
		Release|Any CPU = Release|Any CPU
	EndGlobalSection
	GlobalSection(ProjectConfigurationPlatforms) = postSolution
		{9E93CC4C-13C3-44B2-A724-BDA5D115753D}.Debug|Any CPU.ActiveCfg = Debug|Any CPU
		{9E93CC4C-13C3-44B2-A724-BDA5D115753D}.Debug|Any CPU.Build.0 = Debug|Any CPU
		{9E93CC4C-13C3-44B2-A724-BDA5D115753D}.Release|Any CPU.ActiveCfg = Release|Any CPU
		{9E93CC4C-13C3-44B2-A724-BDA5D115753D}.Release|Any CPU.Build.0 = Release|Any CPU
		{5F18BC28-D2C0-4037-B98A-4C581443375D}.Debug|Any CPU.ActiveCfg = Debug|Any CPU
		{5F18BC28-D2C0-4037-B98A-4C581443375D}.Debug|Any CPU.Build.0 = Debug|Any CPU
		{5F18BC28-D2C0-4037-B98A-4C581443375D}.Release|Any CPU.ActiveCfg = Release|Any CPU
		{5F18BC28-D2C0-4037-B98A-4C581443375D}.Release|Any CPU.Build.0 = Release|Any CPU
		{BF3D5A9A-D9B4-4AAE-A7C8-17AD5A62A777}.Debug|Any CPU.ActiveCfg = Debug|Any CPU
		{BF3D5A9A-D9B4-4AAE-A7C8-17AD5A62A777}.Debug|Any CPU.Build.0 = Debug|Any CPU
		{BF3D5A9A-D9B4-4AAE-A7C8-17AD5A62A777}.Release|Any CPU.ActiveCfg = Release|Any CPU
		{BF3D5A9A-D9B4-4AAE-A7C8-17AD5A62A777}.Release|Any CPU.Build.0 = Release|Any CPU
		{DC6B973D-4A8B-4A1F-A316-E98C84F8C5D0}.Debug|Any CPU.ActiveCfg = Debug|Any CPU
		{DC6B973D-4A8B-4A1F-A316-E98C84F8C5D0}.Debug|Any CPU.Build.0 = Debug|Any CPU
		{DC6B973D-4A8B-4A1F-A316-E98C84F8C5D0}.Release|Any CPU.ActiveCfg = Release|Any CPU
		{DC6B973D-4A8B-4A1F-A316-E98C84F8C5D0}.Release|Any CPU.Build.0 = Release|Any CPU
		{8EDF4429-251A-416D-BB68-93F227191BCF}.Debug|Any CPU.ActiveCfg = Debug|Any CPU
		{8EDF4429-251A-416D-BB68-93F227191BCF}.Debug|Any CPU.Build.0 = Debug|Any CPU
		{8EDF4429-251A-416D-BB68-93F227191BCF}.Release|Any CPU.ActiveCfg = Release|Any CPU
		{8EDF4429-251A-416D-BB68-93F227191BCF}.Release|Any CPU.Build.0 = Release|Any CPU
		{B551778F-741A-46CC-98A0-1C5D3F34FBAF}.Debug|Any CPU.ActiveCfg = Debug|Any CPU
		{B551778F-741A-46CC-98A0-1C5D3F34FBAF}.Debug|Any CPU.Build.0 = Debug|Any CPU
		{B551778F-741A-46CC-98A0-1C5D3F34FBAF}.Release|Any CPU.ActiveCfg = Release|Any CPU
		{B551778F-741A-46CC-98A0-1C5D3F34FBAF}.Release|Any CPU.Build.0 = Release|Any CPU
	EndGlobalSection
	GlobalSection(SolutionProperties) = preSolution
		HideSolutionNode = FALSE
	EndGlobalSection
EndGlobal
